
Microsoft Visual Studio Solution File, Format Version 12.00
# Visual Studio Version 17
VisualStudioVersion = 17.4.33213.308
MinimumVisualStudioVersion = 10.0.40219.1
Project("{FAE04EC0-301F-11D3-BF4B-00C04F79EFBC}") = "RankingApp", "RankingApp.csproj", "{0C9B79C9-8A42-4B12-B7F1-99A47B189DCE}"
EndProject
Global
	GlobalSection(SolutionConfigurationPlatforms) = preSolution
		Debug|Any CPU = Debug|Any CPU
		Release|Any CPU = Release|Any CPU
	EndGlobalSection
	GlobalSection(ProjectConfigurationPlatforms) = postSolution
		{0C9B79C9-8A42-4B12-B7F1-99A47B189DCE}.Debug|Any CPU.ActiveCfg = Debug|Any CPU
		{0C9B79C9-8A42-4B12-B7F1-99A47B189DCE}.Debug|Any CPU.Build.0 = Debug|Any CPU
		{0C9B79C9-8A42-4B12-B7F1-99A47B189DCE}.Release|Any CPU.ActiveCfg = Release|Any CPU
		{0C9B79C9-8A42-4B12-B7F1-99A47B189DCE}.Release|Any CPU.Build.0 = Release|Any CPU
	EndGlobalSection
	GlobalSection(SolutionProperties) = preSolution
		HideSolutionNode = FALSE
	EndGlobalSection
	GlobalSection(ExtensibilityGlobals) = postSolution
		SolutionGuid = {3EFBDF7B-B761-4A58-B0EF-821CA0C94147}
	EndGlobalSection
EndGlobal
